
Microsoft Visual Studio Solution File, Format Version 12.00
Project("{FAE04EC0-301F-11D3-BF4B-00C04F79EFBC}") = "Models", "..\Models\Models.csproj", "{F4DA846B-8411-41B1-AE7B-59BF43387570}"
EndProject
Project("{FAE04EC0-301F-11D3-BF4B-00C04F79EFBC}") = "Models.Test", "..\Models.Test\Models.Test.csproj", "{036A31EA-86DB-4104-B226-16368259CBC2}"
EndProject
Global
	GlobalSection(SolutionConfigurationPlatforms) = preSolution
		Debug|Any CPU = Debug|Any CPU
		Release|Any CPU = Release|Any CPU
	EndGlobalSection
	GlobalSection(ProjectConfigurationPlatforms) = postSolution
		{F4DA846B-8411-41B1-AE7B-59BF43387570}.Debug|Any CPU.ActiveCfg = Debug|Any CPU
		{F4DA846B-8411-41B1-AE7B-59BF43387570}.Debug|Any CPU.Build.0 = Debug|Any CPU
		{F4DA846B-8411-41B1-AE7B-59BF43387570}.Release|Any CPU.ActiveCfg = Release|Any CPU
		{F4DA846B-8411-41B1-AE7B-59BF43387570}.Release|Any CPU.Build.0 = Release|Any CPU
		{036A31EA-86DB-4104-B226-16368259CBC2}.Debug|Any CPU.ActiveCfg = Debug|Any CPU
		{036A31EA-86DB-4104-B226-16368259CBC2}.Debug|Any CPU.Build.0 = Debug|Any CPU
		{036A31EA-86DB-4104-B226-16368259CBC2}.Release|Any CPU.ActiveCfg = Release|Any CPU
		{036A31EA-86DB-4104-B226-16368259CBC2}.Release|Any CPU.Build.0 = Release|Any CPU
	EndGlobalSection
EndGlobal
